
Microsoft Visual Studio Solution File, Format Version 12.00
Project("{FAE04EC0-301F-11D3-BF4B-00C04F79EFBC}") = "NoHaggleScrapper.HttpApi", "NoHaggleScrapper.HttpApi\NoHaggleScrapper.HttpApi.csproj", "{77C61F9F-4071-4931-AB7E-567C27DB33EC}"
EndProject
Global
	GlobalSection(SolutionConfigurationPlatforms) = preSolution
		Debug|Any CPU = Debug|Any CPU
		Release|Any CPU = Release|Any CPU
	EndGlobalSection
	GlobalSection(ProjectConfigurationPlatforms) = postSolution
		{77C61F9F-4071-4931-AB7E-567C27DB33EC}.Debug|Any CPU.ActiveCfg = Debug|Any CPU
		{77C61F9F-4071-4931-AB7E-567C27DB33EC}.Debug|Any CPU.Build.0 = Debug|Any CPU
		{77C61F9F-4071-4931-AB7E-567C27DB33EC}.Release|Any CPU.ActiveCfg = Release|Any CPU
		{77C61F9F-4071-4931-AB7E-567C27DB33EC}.Release|Any CPU.Build.0 = Release|Any CPU
	EndGlobalSection
EndGlobal
